// !$*UTF8*$!
{
	archiveVersion = 1;
	classes = {
	};
	objectVersion = 77;
	objects = {

/* Begin PBXBuildFile section */
		208FD8F32E7C40DC001DE68C /* GRPCCodeGen in Frameworks */ = {isa = PBXBuildFile; productRef = 208FD8F22E7C40DC001DE68C /* GRPCCodeGen */; };
		208FD8F52E7C40DC001DE68C /* GRPCCore in Frameworks */ = {isa = PBXBuildFile; productRef = 208FD8F42E7C40DC001DE68C /* GRPCCore */; };
		208FD8F72E7C40DC001DE68C /* GRPCInProcessTransport in Frameworks */ = {isa = PBXBuildFile; productRef = 208FD8F62E7C40DC001DE68C /* GRPCInProcessTransport */; };
		208FD8FA2E7C4114001DE68C /* GRPCProtobuf in Frameworks */ = {isa = PBXBuildFile; productRef = 208FD8F92E7C4114001DE68C /* GRPCProtobuf */; };
		208FD8FD2E7C4160001DE68C /* GRPCNIOTransportHTTP2 in Frameworks */ = {isa = PBXBuildFile; productRef = 208FD8FC2E7C4160001DE68C /* GRPCNIOTransportHTTP2 */; };
		208FD8FF2E7C4160001DE68C /* GRPCNIOTransportHTTP2Posix in Frameworks */ = {isa = PBXBuildFile; productRef = 208FD8FE2E7C4160001DE68C /* GRPCNIOTransportHTTP2Posix */; };
		208FD9012E7C4160001DE68C /* GRPCNIOTransportHTTP2TransportServices in Frameworks */ = {isa = PBXBuildFile; productRef = 208FD9002E7C4160001DE68C /* GRPCNIOTransportHTTP2TransportServices */; };
/* End PBXBuildFile section */

/* Begin PBXFileReference section */
		20F9DF7C2E7AE98900961FE0 /* gRPC Demo.app */ = {isa = PBXFileReference; explicitFileType = wrapper.application; includeInIndex = 0; path = "gRPC Demo.app"; sourceTree = BUILT_PRODUCTS_DIR; };
/* End PBXFileReference section */

/* Begin PBXFileSystemSynchronizedRootGroup section */
		20A90F252E7B30FA00E7CB84 /* Scripts */ = {
			isa = PBXFileSystemSynchronizedRootGroup;
			path = Scripts;
			sourceTree = "<group>";
		};
		20F9DF7E2E7AE98900961FE0 /* gRPC Demo */ = {
			isa = PBXFileSystemSynchronizedRootGroup;
			path = "gRPC Demo";
			sourceTree = "<group>";
		};
/* End PBXFileSystemSynchronizedRootGroup section */

/* Begin PBXFrameworksBuildPhase section */
		20F9DF792E7AE98900961FE0 /* Frameworks */ = {
			isa = PBXFrameworksBuildPhase;
			buildActionMask = 2147483647;
			files = (
				208FD9012E7C4160001DE68C /* GRPCNIOTransportHTTP2TransportServices in Frameworks */,
				208FD8F32E7C40DC001DE68C /* GRPCCodeGen in Frameworks */,
				208FD8FA2E7C4114001DE68C /* GRPCProtobuf in Frameworks */,
				208FD8F52E7C40DC001DE68C /* GRPCCore in Frameworks */,
				208FD8FD2E7C4160001DE68C /* GRPCNIOTransportHTTP2 in Frameworks */,
				208FD8FF2E7C4160001DE68C /* GRPCNIOTransportHTTP2Posix in Frameworks */,
				208FD8F72E7C40DC001DE68C /* GRPCInProcessTransport in Frameworks */,
			);
			runOnlyForDeploymentPostprocessing = 0;
		};
/* End PBXFrameworksBuildPhase section */

/* Begin PBXGroup section */
		20F9DF732E7AE98900961FE0 = {
			isa = PBXGroup;
			children = (
				20F9DF7E2E7AE98900961FE0 /* gRPC Demo */,
				20F9DFAE2E7AFF2000961FE0 /* Frameworks */,
				20F9DF7D2E7AE98900961FE0 /* Products */,
				20A90F252E7B30FA00E7CB84 /* Scripts */,
			);
			sourceTree = "<group>";
		};
		20F9DF7D2E7AE98900961FE0 /* Products */ = {
			isa = PBXGroup;
			children = (
				20F9DF7C2E7AE98900961FE0 /* gRPC Demo.app */,
			);
			name = Products;
			sourceTree = "<group>";
		};
		20F9DFAE2E7AFF2000961FE0 /* Frameworks */ = {
			isa = PBXGroup;
			children = (
			);
			name = Frameworks;
			sourceTree = "<group>";
		};
/* End PBXGroup section */

/* Begin PBXNativeTarget section */
		20F9DF7B2E7AE98900961FE0 /* gRPC Demo */ = {
			isa = PBXNativeTarget;
			buildConfigurationList = 20F9DF872E7AE98A00961FE0 /* Build configuration list for PBXNativeTarget "gRPC Demo" */;
			buildPhases = (
				20F9DF782E7AE98900961FE0 /* Sources */,
				20F9DF792E7AE98900961FE0 /* Frameworks */,
				20F9DF7A2E7AE98900961FE0 /* Resources */,
			);
			buildRules = (
			);
			dependencies = (
			);
			fileSystemSynchronizedGroups = (
				20A90F252E7B30FA00E7CB84 /* Scripts */,
				20F9DF7E2E7AE98900961FE0 /* gRPC Demo */,
			);
			name = "gRPC Demo";
			packageProductDependencies = (
				208FD8F22E7C40DC001DE68C /* GRPCCodeGen */,
				208FD8F42E7C40DC001DE68C /* GRPCCore */,
				208FD8F62E7C40DC001DE68C /* GRPCInProcessTransport */,
				208FD8F92E7C4114001DE68C /* GRPCProtobuf */,
				208FD8FC2E7C4160001DE68C /* GRPCNIOTransportHTTP2 */,
				208FD8FE2E7C4160001DE68C /* GRPCNIOTransportHTTP2Posix */,
				208FD9002E7C4160001DE68C /* GRPCNIOTransportHTTP2TransportServices */,
			);
			productName = "gRPC Demo";
			productReference = 20F9DF7C2E7AE98900961FE0 /* gRPC Demo.app */;
			productType = "com.apple.product-type.application";
		};
/* End PBXNativeTarget section */

/* Begin PBXProject section */
		20F9DF742E7AE98900961FE0 /* Project object */ = {
			isa = PBXProject;
			attributes = {
				BuildIndependentTargetsInParallel = 1;
				LastSwiftUpdateCheck = 2600;
				LastUpgradeCheck = 2600;
				TargetAttributes = {
					20F9DF7B2E7AE98900961FE0 = {
						CreatedOnToolsVersion = 26.0;
					};
				};
			};
			buildConfigurationList = 20F9DF772E7AE98900961FE0 /* Build configuration list for PBXProject "gRPC Demo" */;
			developmentRegion = en;
			hasScannedForEncodings = 0;
			knownRegions = (
				en,
				Base,
			);
			mainGroup = 20F9DF732E7AE98900961FE0;
			minimizedProjectReferenceProxies = 1;
			packageReferences = (
				208FD8F12E7C40DC001DE68C /* XCRemoteSwiftPackageReference "grpc-swift-2" */,
				208FD8F82E7C4114001DE68C /* XCRemoteSwiftPackageReference "grpc-swift-protobuf" */,
				208FD8FB2E7C4160001DE68C /* XCRemoteSwiftPackageReference "grpc-swift-nio-transport" */,
			);
			preferredProjectObjectVersion = 77;
			productRefGroup = 20F9DF7D2E7AE98900961FE0 /* Products */;
			projectDirPath = "";
			projectRoot = "";
			targets = (
				20F9DF7B2E7AE98900961FE0 /* gRPC Demo */,
			);
		};
/* End PBXProject section */

/* Begin PBXResourcesBuildPhase section */
		20F9DF7A2E7AE98900961FE0 /* Resources */ = {
			isa = PBXResourcesBuildPhase;
			buildActionMask = 2147483647;
			files = (
			);
			runOnlyForDeploymentPostprocessing = 0;
		};
/* End PBXResourcesBuildPhase section */

/* Begin PBXSourcesBuildPhase section */
		20F9DF782E7AE98900961FE0 /* Sources */ = {
			isa = PBXSourcesBuildPhase;
			buildActionMask = 2147483647;
			files = (
			);
			runOnlyForDeploymentPostprocessing = 0;
		};
/* End PBXSourcesBuildPhase section */

/* Begin XCBuildConfiguration section */
		20F9DF852E7AE98A00961FE0 /* Debug */ = {
			isa = XCBuildConfiguration;
			buildSettings = {
				ALWAYS_SEARCH_USER_PATHS = NO;
				ASSETCATALOG_COMPILER_GENERATE_SWIFT_ASSET_SYMBOL_EXTENSIONS = YES;
				CLANG_ANALYZER_NONNULL = YES;
				CLANG_ANALYZER_NUMBER_OBJECT_CONVERSION = YES_AGGRESSIVE;
				CLANG_CXX_LANGUAGE_STANDARD = "gnu++20";
				CLANG_ENABLE_MODULES = YES;
				CLANG_ENABLE_OBJC_ARC = YES;
				CLANG_ENABLE_OBJC_WEAK = YES;
				CLANG_WARN_BLOCK_CAPTURE_AUTORELEASING = YES;
				CLANG_WARN_BOOL_CONVERSION = YES;
				CLANG_WARN_COMMA = YES;
				CLANG_WARN_CONSTANT_CONVERSION = YES;
				CLANG_WARN_DEPRECATED_OBJC_IMPLEMENTATIONS = YES;
				CLANG_WARN_DIRECT_OBJC_ISA_USAGE = YES_ERROR;
				CLANG_WARN_DOCUMENTATION_COMMENTS = YES;
				CLANG_WARN_EMPTY_BODY = YES;
				CLANG_WARN_ENUM_CONVERSION = YES;
				CLANG_WARN_INFINITE_RECURSION = YES;
				CLANG_WARN_INT_CONVERSION = YES;
				CLANG_WARN_NON_LITERAL_NULL_CONVERSION = YES;
				CLANG_WARN_OBJC_IMPLICIT_RETAIN_SELF = YES;
				CLANG_WARN_OBJC_LITERAL_CONVERSION = YES;
				CLANG_WARN_OBJC_ROOT_CLASS = YES_ERROR;
				CLANG_WARN_QUOTED_INCLUDE_IN_FRAMEWORK_HEADER = YES;
				CLANG_WARN_RANGE_LOOP_ANALYSIS = YES;
				CLANG_WARN_STRICT_PROTOTYPES = YES;
				CLANG_WARN_SUSPICIOUS_MOVE = YES;
				CLANG_WARN_UNGUARDED_AVAILABILITY = YES_AGGRESSIVE;
				CLANG_WARN_UNREACHABLE_CODE = YES;
				CLANG_WARN__DUPLICATE_METHOD_MATCH = YES;
				COPY_PHASE_STRIP = NO;
				DEBUG_INFORMATION_FORMAT = dwarf;
				ENABLE_STRICT_OBJC_MSGSEND = YES;
				ENABLE_TESTABILITY = YES;
				ENABLE_USER_SCRIPT_SANDBOXING = YES;
				GCC_C_LANGUAGE_STANDARD = gnu17;
				GCC_DYNAMIC_NO_PIC = NO;
				GCC_NO_COMMON_BLOCKS = YES;
				GCC_OPTIMIZATION_LEVEL = 0;
				GCC_PREPROCESSOR_DEFINITIONS = (
					"DEBUG=1",
					"$(inherited)",
				);
				GCC_WARN_64_TO_32_BIT_CONVERSION = YES;
				GCC_WARN_ABOUT_RETURN_TYPE = YES_ERROR;
				GCC_WARN_UNDECLARED_SELECTOR = YES;
				GCC_WARN_UNINITIALIZED_AUTOS = YES_AGGRESSIVE;
				GCC_WARN_UNUSED_FUNCTION = YES;
				GCC_WARN_UNUSED_VARIABLE = YES;
				IPHONEOS_DEPLOYMENT_TARGET = 26.0;
				LOCALIZATION_PREFERS_STRING_CATALOGS = YES;
				MTL_ENABLE_DEBUG_INFO = INCLUDE_SOURCE;
				MTL_FAST_MATH = YES;
				ONLY_ACTIVE_ARCH = YES;
				SDKROOT = iphoneos;
				SWIFT_ACTIVE_COMPILATION_CONDITIONS = "DEBUG $(inherited)";
				SWIFT_OPTIMIZATION_LEVEL = "-Onone";
				SWIFT_VERSION = 5.0;
			};
			name = Debug;
		};
		20F9DF862E7AE98A00961FE0 /* Release */ = {
			isa = XCBuildConfiguration;
			buildSettings = {
				ALWAYS_SEARCH_USER_PATHS = NO;
				ASSETCATALOG_COMPILER_GENERATE_SWIFT_ASSET_SYMBOL_EXTENSIONS = YES;
				CLANG_ANALYZER_NONNULL = YES;
				CLANG_ANALYZER_NUMBER_OBJECT_CONVERSION = YES_AGGRESSIVE;
				CLANG_CXX_LANGUAGE_STANDARD = "gnu++20";
				CLANG_ENABLE_MODULES = YES;
				CLANG_ENABLE_OBJC_ARC = YES;
				CLANG_ENABLE_OBJC_WEAK = YES;
				CLANG_WARN_BLOCK_CAPTURE_AUTORELEASING = YES;
				CLANG_WARN_BOOL_CONVERSION = YES;
				CLANG_WARN_COMMA = YES;
				CLANG_WARN_CONSTANT_CONVERSION = YES;
				CLANG_WARN_DEPRECATED_OBJC_IMPLEMENTATIONS = YES;
				CLANG_WARN_DIRECT_OBJC_ISA_USAGE = YES_ERROR;
				CLANG_WARN_DOCUMENTATION_COMMENTS = YES;
				CLANG_WARN_EMPTY_BODY = YES;
				CLANG_WARN_ENUM_CONVERSION = YES;
				CLANG_WARN_INFINITE_RECURSION = YES;
				CLANG_WARN_INT_CONVERSION = YES;
				CLANG_WARN_NON_LITERAL_NULL_CONVERSION = YES;
				CLANG_WARN_OBJC_IMPLICIT_RETAIN_SELF = YES;
				CLANG_WARN_OBJC_LITERAL_CONVERSION = YES;
				CLANG_WARN_OBJC_ROOT_CLASS = YES_ERROR;
				CLANG_WARN_QUOTED_INCLUDE_IN_FRAMEWORK_HEADER = YES;
				CLANG_WARN_RANGE_LOOP_ANALYSIS = YES;
				CLANG_WARN_STRICT_PROTOTYPES = YES;
				CLANG_WARN_SUSPICIOUS_MOVE = YES;
				CLANG_WARN_UNGUARDED_AVAILABILITY = YES_AGGRESSIVE;
				CLANG_WARN_UNREACHABLE_CODE = YES;
				CLANG_WARN__DUPLICATE_METHOD_MATCH = YES;
				COPY_PHASE_STRIP = NO;
				DEBUG_INFORMATION_FORMAT = "dwarf-with-dsym";
				ENABLE_NS_ASSERTIONS = NO;
				ENABLE_STRICT_OBJC_MSGSEND = YES;
				ENABLE_USER_SCRIPT_SANDBOXING = YES;
				GCC_C_LANGUAGE_STANDARD = gnu17;
				GCC_NO_COMMON_BLOCKS = YES;
				GCC_WARN_64_TO_32_BIT_CONVERSION = YES;
				GCC_WARN_ABOUT_RETURN_TYPE = YES_ERROR;
				GCC_WARN_UNDECLARED_SELECTOR = YES;
				GCC_WARN_UNINITIALIZED_AUTOS = YES_AGGRESSIVE;
				GCC_WARN_UNUSED_FUNCTION = YES;
				GCC_WARN_UNUSED_VARIABLE = YES;
				IPHONEOS_DEPLOYMENT_TARGET = 26.0;
				LOCALIZATION_PREFERS_STRING_CATALOGS = YES;
				MTL_ENABLE_DEBUG_INFO = NO;
				MTL_FAST_MATH = YES;
				SDKROOT = iphoneos;
				SWIFT_COMPILATION_MODE = wholemodule;
				SWIFT_VERSION = 5.0;
				VALIDATE_PRODUCT = YES;
			};
			name = Release;
		};
		20F9DF882E7AE98A00961FE0 /* Debug */ = {
			isa = XCBuildConfiguration;
			buildSettings = {
				ASSETCATALOG_COMPILER_APPICON_NAME = AppIcon;
				ASSETCATALOG_COMPILER_GLOBAL_ACCENT_COLOR_NAME = AccentColor;
				CODE_SIGN_STYLE = Automatic;
				CURRENT_PROJECT_VERSION = 1;
				ENABLE_PREVIEWS = YES;
				GENERATE_INFOPLIST_FILE = YES;
				INFOPLIST_KEY_UIApplicationSceneManifest_Generation = YES;
				INFOPLIST_KEY_UIApplicationSupportsIndirectInputEvents = YES;
				INFOPLIST_KEY_UILaunchScreen_Generation = YES;
				INFOPLIST_KEY_UISupportedInterfaceOrientations_iPad = "UIInterfaceOrientationPortrait UIInterfaceOrientationPortraitUpsideDown UIInterfaceOrientationLandscapeLeft UIInterfaceOrientationLandscapeRight";
				INFOPLIST_KEY_UISupportedInterfaceOrientations_iPhone = "UIInterfaceOrientationPortrait UIInterfaceOrientationLandscapeLeft UIInterfaceOrientationLandscapeRight";
				LD_RUNPATH_SEARCH_PATHS = (
					"$(inherited)",
					"@executable_path/Frameworks",
				);
				MARKETING_VERSION = 1.0;
				PRODUCT_BUNDLE_IDENTIFIER = "Sample.gRPC-Demo";
				PRODUCT_NAME = "$(TARGET_NAME)";
				STRING_CATALOG_GENERATE_SYMBOLS = YES;
				SWIFT_APPROACHABLE_CONCURRENCY = YES;
				SWIFT_DEFAULT_ACTOR_ISOLATION = nonisolated;
				SWIFT_EMIT_LOC_STRINGS = YES;
				SWIFT_UPCOMING_FEATURE_MEMBER_IMPORT_VISIBILITY = YES;
				SWIFT_VERSION = 6.0;
				TARGETED_DEVICE_FAMILY = "1,2";
			};
			name = Debug;
		};
		20F9DF892E7AE98A00961FE0 /* Release */ = {
			isa = XCBuildConfiguration;
			buildSettings = {
				ASSETCATALOG_COMPILER_APPICON_NAME = AppIcon;
				ASSETCATALOG_COMPILER_GLOBAL_ACCENT_COLOR_NAME = AccentColor;
				CODE_SIGN_STYLE = Automatic;
				CURRENT_PROJECT_VERSION = 1;
				ENABLE_PREVIEWS = YES;
				GENERATE_INFOPLIST_FILE = YES;
				INFOPLIST_KEY_UIApplicationSceneManifest_Generation = YES;
				INFOPLIST_KEY_UIApplicationSupportsIndirectInputEvents = YES;
				INFOPLIST_KEY_UILaunchScreen_Generation = YES;
				INFOPLIST_KEY_UISupportedInterfaceOrientations_iPad = "UIInterfaceOrientationPortrait UIInterfaceOrientationPortraitUpsideDown UIInterfaceOrientationLandscapeLeft UIInterfaceOrientationLandscapeRight";
				INFOPLIST_KEY_UISupportedInterfaceOrientations_iPhone = "UIInterfaceOrientationPortrait UIInterfaceOrientationLandscapeLeft UIInterfaceOrientationLandscapeRight";
				LD_RUNPATH_SEARCH_PATHS = (
					"$(inherited)",
					"@executable_path/Frameworks",
				);
				MARKETING_VERSION = 1.0;
				PRODUCT_BUNDLE_IDENTIFIER = "Sample.gRPC-Demo";
				PRODUCT_NAME = "$(TARGET_NAME)";
				STRING_CATALOG_GENERATE_SYMBOLS = YES;
				SWIFT_APPROACHABLE_CONCURRENCY = YES;
				SWIFT_DEFAULT_ACTOR_ISOLATION = nonisolated;
				SWIFT_EMIT_LOC_STRINGS = YES;
				SWIFT_UPCOMING_FEATURE_MEMBER_IMPORT_VISIBILITY = YES;
				SWIFT_VERSION = 6.0;
				TARGETED_DEVICE_FAMILY = "1,2";
			};
			name = Release;
		};
/* End XCBuildConfiguration section */

/* Begin XCConfigurationList section */
		20F9DF772E7AE98900961FE0 /* Build configuration list for PBXProject "gRPC Demo" */ = {
			isa = XCConfigurationList;
			buildConfigurations = (
				20F9DF852E7AE98A00961FE0 /* Debug */,
				20F9DF862E7AE98A00961FE0 /* Release */,
			);
			defaultConfigurationIsVisible = 0;
			defaultConfigurationName = Release;
		};
		20F9DF872E7AE98A00961FE0 /* Build configuration list for PBXNativeTarget "gRPC Demo" */ = {
			isa = XCConfigurationList;
			buildConfigurations = (
				20F9DF882E7AE98A00961FE0 /* Debug */,
				20F9DF892E7AE98A00961FE0 /* Release */,
			);
			defaultConfigurationIsVisible = 0;
			defaultConfigurationName = Release;
		};
/* End XCConfigurationList section */

/* Begin XCRemoteSwiftPackageReference section */
		208FD8F12E7C40DC001DE68C /* XCRemoteSwiftPackageReference "grpc-swift-2" */ = {
			isa = XCRemoteSwiftPackageReference;
			repositoryURL = "https://github.com/grpc/grpc-swift-2";
			requirement = {
				kind = upToNextMajorVersion;
				minimumVersion = 2.1.0;
			};
		};
		208FD8F82E7C4114001DE68C /* XCRemoteSwiftPackageReference "grpc-swift-protobuf" */ = {
			isa = XCRemoteSwiftPackageReference;
			repositoryURL = "https://github.com/grpc/grpc-swift-protobuf";
			requirement = {
				kind = upToNextMajorVersion;
				minimumVersion = 2.1.1;
			};
		};
		208FD8FB2E7C4160001DE68C /* XCRemoteSwiftPackageReference "grpc-swift-nio-transport" */ = {
			isa = XCRemoteSwiftPackageReference;
			repositoryURL = "https://github.com/grpc/grpc-swift-nio-transport";
			requirement = {
				kind = upToNextMajorVersion;
				minimumVersion = 2.1.1;
			};
		};
/* End XCRemoteSwiftPackageReference section */

/* Begin XCSwiftPackageProductDependency section */
		208FD8F22E7C40DC001DE68C /* GRPCCodeGen */ = {
			isa = XCSwiftPackageProductDependency;
			package = 208FD8F12E7C40DC001DE68C /* XCRemoteSwiftPackageReference "grpc-swift-2" */;
			productName = GRPCCodeGen;
		};
		208FD8F42E7C40DC001DE68C /* GRPCCore */ = {
			isa = XCSwiftPackageProductDependency;
			package = 208FD8F12E7C40DC001DE68C /* XCRemoteSwiftPackageReference "grpc-swift-2" */;
			productName = GRPCCore;
		};
		208FD8F62E7C40DC001DE68C /* GRPCInProcessTransport */ = {
			isa = XCSwiftPackageProductDependency;
			package = 208FD8F12E7C40DC001DE68C /* XCRemoteSwiftPackageReference "grpc-swift-2" */;
			productName = GRPCInProcessTransport;
		};
		208FD8F92E7C4114001DE68C /* GRPCProtobuf */ = {
			isa = XCSwiftPackageProductDependency;
			package = 208FD8F82E7C4114001DE68C /* XCRemoteSwiftPackageReference "grpc-swift-protobuf" */;
			productName = GRPCProtobuf;
		};
		208FD8FC2E7C4160001DE68C /* GRPCNIOTransportHTTP2 */ = {
			isa = XCSwiftPackageProductDependency;
			package = 208FD8FB2E7C4160001DE68C /* XCRemoteSwiftPackageReference "grpc-swift-nio-transport" */;
			productName = GRPCNIOTransportHTTP2;
		};
		208FD8FE2E7C4160001DE68C /* GRPCNIOTransportHTTP2Posix */ = {
			isa = XCSwiftPackageProductDependency;
			package = 208FD8FB2E7C4160001DE68C /* XCRemoteSwiftPackageReference "grpc-swift-nio-transport" */;
			productName = GRPCNIOTransportHTTP2Posix;
		};
		208FD9002E7C4160001DE68C /* GRPCNIOTransportHTTP2TransportServices */ = {
			isa = XCSwiftPackageProductDependency;
			package = 208FD8FB2E7C4160001DE68C /* XCRemoteSwiftPackageReference "grpc-swift-nio-transport" */;
			productName = GRPCNIOTransportHTTP2TransportServices;
		};
/* End XCSwiftPackageProductDependency section */
	};
	rootObject = 20F9DF742E7AE98900961FE0 /* Project object */;
}
